
Microsoft Visual Studio Solution File, Format Version 12.00
# Visual Studio Version 16
VisualStudioVersion = 16.0.30128.74
MinimumVisualStudioVersion = 10.0.40219.1
Project("{9A19103F-16F7-4668-BE54-9A1E7A4F7556}") = "OneWork.Core.App", "OneWork.Core.App\OneWork.Core.App.csproj", "{237F0E9C-7DDB-4C0A-AC01-3D3966CAFB3F}"
EndProject
Project("{9A19103F-16F7-4668-BE54-9A1E7A4F7556}") = "OneWork.Core", "OneWork.Core\OneWork.Core.csproj", "{CAD451E0-79CF-46E0-B9FD-47C435576A6D}"
EndProject
Project("{FAE04EC0-301F-11D3-BF4B-00C04F79EFBC}") = "OneWork.Web.App", "OneWork.Web.App\OneWork.Web.App.csproj", "{7C049A2A-3A6A-430F-B906-58D8B3DCD7AA}"
EndProject
Global
	GlobalSection(SolutionConfigurationPlatforms) = preSolution
		Debug|Any CPU = Debug|Any CPU
		Release|Any CPU = Release|Any CPU
	EndGlobalSection
	GlobalSection(ProjectConfigurationPlatforms) = postSolution
		{237F0E9C-7DDB-4C0A-AC01-3D3966CAFB3F}.Debug|Any CPU.ActiveCfg = Debug|Any CPU
		{237F0E9C-7DDB-4C0A-AC01-3D3966CAFB3F}.Debug|Any CPU.Build.0 = Debug|Any CPU
		{237F0E9C-7DDB-4C0A-AC01-3D3966CAFB3F}.Release|Any CPU.ActiveCfg = Release|Any CPU
		{237F0E9C-7DDB-4C0A-AC01-3D3966CAFB3F}.Release|Any CPU.Build.0 = Release|Any CPU
		{CAD451E0-79CF-46E0-B9FD-47C435576A6D}.Debug|Any CPU.ActiveCfg = Debug|Any CPU
		{CAD451E0-79CF-46E0-B9FD-47C435576A6D}.Debug|Any CPU.Build.0 = Debug|Any CPU
		{CAD451E0-79CF-46E0-B9FD-47C435576A6D}.Release|Any CPU.ActiveCfg = Release|Any CPU
		{CAD451E0-79CF-46E0-B9FD-47C435576A6D}.Release|Any CPU.Build.0 = Release|Any CPU
		{7C049A2A-3A6A-430F-B906-58D8B3DCD7AA}.Debug|Any CPU.ActiveCfg = Debug|Any CPU
		{7C049A2A-3A6A-430F-B906-58D8B3DCD7AA}.Debug|Any CPU.Build.0 = Debug|Any CPU
		{7C049A2A-3A6A-430F-B906-58D8B3DCD7AA}.Release|Any CPU.ActiveCfg = Release|Any CPU
		{7C049A2A-3A6A-430F-B906-58D8B3DCD7AA}.Release|Any CPU.Build.0 = Release|Any CPU
	EndGlobalSection
	GlobalSection(SolutionProperties) = preSolution
		HideSolutionNode = FALSE
	EndGlobalSection
	GlobalSection(ExtensibilityGlobals) = postSolution
		SolutionGuid = {B57BC212-0DF9-4C8F-B401-8111D96D1A4C}
	EndGlobalSection
EndGlobal
